
Microsoft Visual Studio Solution File, Format Version 12.00
# Visual Studio Version 17
VisualStudioVersion = 17.13.35806.99 d17.13
MinimumVisualStudioVersion = 10.0.40219.1
Project("{FAE04EC0-301F-11D3-BF4B-00C04F79EFBC}") = "MpumiStudyGroup", "MpumiStudyGroup\MpumiStudyGroup.csproj", "{8498F361-3099-4D1F-B43A-E7AB8CC089A5}"
EndProject
Global
	GlobalSection(SolutionConfigurationPlatforms) = preSolution
		Debug|Any CPU = Debug|Any CPU
		Release|Any CPU = Release|Any CPU
	EndGlobalSection
	GlobalSection(ProjectConfigurationPlatforms) = postSolution
		{8498F361-3099-4D1F-B43A-E7AB8CC089A5}.Debug|Any CPU.ActiveCfg = Debug|Any CPU
		{8498F361-3099-4D1F-B43A-E7AB8CC089A5}.Debug|Any CPU.Build.0 = Debug|Any CPU
		{8498F361-3099-4D1F-B43A-E7AB8CC089A5}.Release|Any CPU.ActiveCfg = Release|Any CPU
		{8498F361-3099-4D1F-B43A-E7AB8CC089A5}.Release|Any CPU.Build.0 = Release|Any CPU
	EndGlobalSection
	GlobalSection(SolutionProperties) = preSolution
		HideSolutionNode = FALSE
	EndGlobalSection
	GlobalSection(ExtensibilityGlobals) = postSolution
		SolutionGuid = {B55162AF-68A3-448F-A278-69377AFD141D}
	EndGlobalSection
EndGlobal
